
Microsoft Visual Studio Solution File, Format Version 12.00
# Visual Studio Version 17
VisualStudioVersion = 17.1.32407.343
MinimumVisualStudioVersion = 10.0.40219.1
Project("{FAE04EC0-301F-11D3-BF4B-00C04F79EFBC}") = "DatePickerTester.Android", "DatePickerTester\DatePickerTester.Android\DatePickerTester.Android.csproj", "{DA931EE7-6268-4D77-B010-D75BBDCEA4A0}"
EndProject
Project("{9A19103F-16F7-4668-BE54-9A1E7A4F7556}") = "DatePickerTester", "DatePickerTester\DatePickerTester\DatePickerTester.csproj", "{2AD9D4FF-8E20-48FC-9DED-84F1C32F7E4A}"
EndProject
Project("{9A19103F-16F7-4668-BE54-9A1E7A4F7556}") = "SimpleDatePicker", "..\..\SimpleDatePicker\SimpleDatePicker\SimpleDatePicker.csproj", "{A4B7DD3A-98CC-40F5-8BA0-47B332E82391}"
EndProject
Global
	GlobalSection(SolutionConfigurationPlatforms) = preSolution
		Debug|Any CPU = Debug|Any CPU
		Release|Any CPU = Release|Any CPU
	EndGlobalSection
	GlobalSection(ProjectConfigurationPlatforms) = postSolution
		{DA931EE7-6268-4D77-B010-D75BBDCEA4A0}.Debug|Any CPU.ActiveCfg = Debug|Any CPU
		{DA931EE7-6268-4D77-B010-D75BBDCEA4A0}.Debug|Any CPU.Build.0 = Debug|Any CPU
		{DA931EE7-6268-4D77-B010-D75BBDCEA4A0}.Debug|Any CPU.Deploy.0 = Debug|Any CPU
		{DA931EE7-6268-4D77-B010-D75BBDCEA4A0}.Release|Any CPU.ActiveCfg = Release|Any CPU
		{DA931EE7-6268-4D77-B010-D75BBDCEA4A0}.Release|Any CPU.Build.0 = Release|Any CPU
		{DA931EE7-6268-4D77-B010-D75BBDCEA4A0}.Release|Any CPU.Deploy.0 = Release|Any CPU
		{2AD9D4FF-8E20-48FC-9DED-84F1C32F7E4A}.Debug|Any CPU.ActiveCfg = Debug|Any CPU
		{2AD9D4FF-8E20-48FC-9DED-84F1C32F7E4A}.Debug|Any CPU.Build.0 = Debug|Any CPU
		{2AD9D4FF-8E20-48FC-9DED-84F1C32F7E4A}.Debug|Any CPU.Deploy.0 = Debug|Any CPU
		{2AD9D4FF-8E20-48FC-9DED-84F1C32F7E4A}.Release|Any CPU.ActiveCfg = Release|Any CPU
		{2AD9D4FF-8E20-48FC-9DED-84F1C32F7E4A}.Release|Any CPU.Build.0 = Release|Any CPU
		{2AD9D4FF-8E20-48FC-9DED-84F1C32F7E4A}.Release|Any CPU.Deploy.0 = Release|Any CPU
		{A4B7DD3A-98CC-40F5-8BA0-47B332E82391}.Debug|Any CPU.ActiveCfg = Debug|Any CPU
		{A4B7DD3A-98CC-40F5-8BA0-47B332E82391}.Debug|Any CPU.Build.0 = Debug|Any CPU
		{A4B7DD3A-98CC-40F5-8BA0-47B332E82391}.Release|Any CPU.ActiveCfg = Release|Any CPU
		{A4B7DD3A-98CC-40F5-8BA0-47B332E82391}.Release|Any CPU.Build.0 = Release|Any CPU
	EndGlobalSection
	GlobalSection(SolutionProperties) = preSolution
		HideSolutionNode = FALSE
	EndGlobalSection
	GlobalSection(ExtensibilityGlobals) = postSolution
		SolutionGuid = {007776F2-E3FD-40A4-909D-416F5F25C029}
	EndGlobalSection
EndGlobal
